
Microsoft Visual Studio Solution File, Format Version 12.00
# Visual Studio Version 17
VisualStudioVersion = 17.11.35327.3
MinimumVisualStudioVersion = 10.0.40219.1
Project("{FAE04EC0-301F-11D3-BF4B-00C04F79EFBC}") = "Maui Alkohol Kalkulator", "Maui Alkohol Kalkulator\Maui Alkohol Kalkulator.csproj", "{C5BD3D8D-3893-44A0-8A40-7B2D7CE03B55}"
EndProject
Global
	GlobalSection(SolutionConfigurationPlatforms) = preSolution
		Debug|Any CPU = Debug|Any CPU
		Release|Any CPU = Release|Any CPU
	EndGlobalSection
	GlobalSection(ProjectConfigurationPlatforms) = postSolution
		{C5BD3D8D-3893-44A0-8A40-7B2D7CE03B55}.Debug|Any CPU.ActiveCfg = Debug|Any CPU
		{C5BD3D8D-3893-44A0-8A40-7B2D7CE03B55}.Debug|Any CPU.Build.0 = Debug|Any CPU
		{C5BD3D8D-3893-44A0-8A40-7B2D7CE03B55}.Debug|Any CPU.Deploy.0 = Debug|Any CPU
		{C5BD3D8D-3893-44A0-8A40-7B2D7CE03B55}.Release|Any CPU.ActiveCfg = Release|Any CPU
		{C5BD3D8D-3893-44A0-8A40-7B2D7CE03B55}.Release|Any CPU.Build.0 = Release|Any CPU
		{C5BD3D8D-3893-44A0-8A40-7B2D7CE03B55}.Release|Any CPU.Deploy.0 = Release|Any CPU
	EndGlobalSection
	GlobalSection(SolutionProperties) = preSolution
		HideSolutionNode = FALSE
	EndGlobalSection
	GlobalSection(ExtensibilityGlobals) = postSolution
		SolutionGuid = {7365F4EC-2921-4F7F-BACA-4AEFC939EA5A}
	EndGlobalSection
EndGlobal
